
Microsoft Visual Studio Solution File, Format Version 12.00
# Visual Studio Version 17
VisualStudioVersion = 17.0.32014.148
MinimumVisualStudioVersion = 10.0.40219.1
Project("{FAE04EC0-301F-11D3-BF4B-00C04F79EFBC}") = "Task22_12_2021", "Task22_12_2021\Task22_12_2021.csproj", "{404B9939-1D88-4352-9219-75DEAF6F0BB6}"
EndProject
Global
	GlobalSection(SolutionConfigurationPlatforms) = preSolution
		Debug|Any CPU = Debug|Any CPU
		Release|Any CPU = Release|Any CPU
	EndGlobalSection
	GlobalSection(ProjectConfigurationPlatforms) = postSolution
		{404B9939-1D88-4352-9219-75DEAF6F0BB6}.Debug|Any CPU.ActiveCfg = Debug|Any CPU
		{404B9939-1D88-4352-9219-75DEAF6F0BB6}.Debug|Any CPU.Build.0 = Debug|Any CPU
		{404B9939-1D88-4352-9219-75DEAF6F0BB6}.Release|Any CPU.ActiveCfg = Release|Any CPU
		{404B9939-1D88-4352-9219-75DEAF6F0BB6}.Release|Any CPU.Build.0 = Release|Any CPU
	EndGlobalSection
	GlobalSection(SolutionProperties) = preSolution
		HideSolutionNode = FALSE
	EndGlobalSection
	GlobalSection(ExtensibilityGlobals) = postSolution
		SolutionGuid = {40EF543F-95AC-4F24-A5A0-787CDEC0CF59}
	EndGlobalSection
EndGlobal
